<Solution>
  <Folder Name="/Itens de Solução/">
    <File Path="docker-compose.yml" />
  </Folder>
  <Project Path="DesafioIDez.Aplicacao/DesafioIDez.Aplicacao.csproj" />
  <Project Path="DesafioIDez.Dominio/DesafioIDez.Dominio.csproj" />
  <Project Path="DesafioIDez.Infraestrutura/DesafioIDez.Infraestrutura.csproj" />
  <Project Path="DesafioIDez.Testes/DesafioIDez.Testes.csproj" />
  <Project Path="DesafioIDez/DesafioIDez.Api.csproj" />
</Solution>
